
Microsoft Visual Studio Solution File, Format Version 12.00
# Visual Studio Version 17
VisualStudioVersion = 17.10.35122.118
MinimumVisualStudioVersion = 10.0.40219.1
Project("{FAE04EC0-301F-11D3-BF4B-00C04F79EFBC}") = "SongNewApi", "SongNewApi\SongNewApi.csproj", "{362BCD12-DC4F-4296-B50B-6022026631ED}"
EndProject
Global
	GlobalSection(SolutionConfigurationPlatforms) = preSolution
		Debug|Any CPU = Debug|Any CPU
		Release|Any CPU = Release|Any CPU
	EndGlobalSection
	GlobalSection(ProjectConfigurationPlatforms) = postSolution
		{362BCD12-DC4F-4296-B50B-6022026631ED}.Debug|Any CPU.ActiveCfg = Debug|Any CPU
		{362BCD12-DC4F-4296-B50B-6022026631ED}.Debug|Any CPU.Build.0 = Debug|Any CPU
		{362BCD12-DC4F-4296-B50B-6022026631ED}.Release|Any CPU.ActiveCfg = Release|Any CPU
		{362BCD12-DC4F-4296-B50B-6022026631ED}.Release|Any CPU.Build.0 = Release|Any CPU
	EndGlobalSection
	GlobalSection(SolutionProperties) = preSolution
		HideSolutionNode = FALSE
	EndGlobalSection
	GlobalSection(ExtensibilityGlobals) = postSolution
		SolutionGuid = {6014A5EF-6E2C-47A2-9BEE-F18E6ACCAD8C}
	EndGlobalSection
EndGlobal
